
Microsoft Visual Studio Solution File, Format Version 12.00
# Visual Studio Version 16
VisualStudioVersion = 16.0.29709.97
MinimumVisualStudioVersion = 10.0.40219.1
Project("{FAE04EC0-301F-11D3-BF4B-00C04F79EFBC}") = "Biblioteca_Proyecto", "Biblioteca_Proyecto.csproj", "{3DF92292-9B41-472A-B03E-08D680DDA33B}"
EndProject
Global
	GlobalSection(SolutionConfigurationPlatforms) = preSolution
		Debug|Any CPU = Debug|Any CPU
		Release|Any CPU = Release|Any CPU
	EndGlobalSection
	GlobalSection(ProjectConfigurationPlatforms) = postSolution
		{3DF92292-9B41-472A-B03E-08D680DDA33B}.Debug|Any CPU.ActiveCfg = Debug|Any CPU
		{3DF92292-9B41-472A-B03E-08D680DDA33B}.Debug|Any CPU.Build.0 = Debug|Any CPU
		{3DF92292-9B41-472A-B03E-08D680DDA33B}.Release|Any CPU.ActiveCfg = Release|Any CPU
		{3DF92292-9B41-472A-B03E-08D680DDA33B}.Release|Any CPU.Build.0 = Release|Any CPU
	EndGlobalSection
	GlobalSection(SolutionProperties) = preSolution
		HideSolutionNode = FALSE
	EndGlobalSection
	GlobalSection(ExtensibilityGlobals) = postSolution
		SolutionGuid = {6C0B9B98-4BD2-4F0C-9760-243832E24D50}
	EndGlobalSection
EndGlobal
